
Microsoft Visual Studio Solution File, Format Version 12.00
# Visual Studio Version 17
VisualStudioVersion = 17.0.31903.59
MinimumVisualStudioVersion = 10.0.40219.1
Project("{2150E333-8FDC-42A3-9474-1A3956D46DE8}") = "Solution Items", "Solution Items", "{FF601291-63FC-4EF8-AE3C-169A5C3B61CD}"
	ProjectSection(SolutionItems) = preProject
		.gitignore = .gitignore
		LICENSE.md = LICENSE.md
		LICENSE.md.template = LICENSE.md.template
		package-lock.json = package-lock.json
		package.json = package.json
		publish.ps1 = publish.ps1
		README.md = README.md
		README.md.template = README.md.template
	EndProjectSection
EndProject
Project("{9A19103F-16F7-4668-BE54-9A1E7A4F7556}") = "formmenu.website", "formmenu.website\formmenu.website.csproj", "{24317D18-00DB-4DBE-9249-DE6FB427BDB6}"
EndProject
Project("{54A90642-561A-4BB1-A94E-469ADEE60C69}") = "formmenu", "formmenu\formmenu.esproj", "{C7CC2105-F277-457F-857F-D05F8F0E3C44}"
EndProject
Global
	GlobalSection(SolutionConfigurationPlatforms) = preSolution
		Debug|Any CPU = Debug|Any CPU
		Release|Any CPU = Release|Any CPU
	EndGlobalSection
	GlobalSection(ProjectConfigurationPlatforms) = postSolution
		{24317D18-00DB-4DBE-9249-DE6FB427BDB6}.Debug|Any CPU.ActiveCfg = Debug|Any CPU
		{24317D18-00DB-4DBE-9249-DE6FB427BDB6}.Debug|Any CPU.Build.0 = Debug|Any CPU
		{24317D18-00DB-4DBE-9249-DE6FB427BDB6}.Release|Any CPU.ActiveCfg = Release|Any CPU
		{24317D18-00DB-4DBE-9249-DE6FB427BDB6}.Release|Any CPU.Build.0 = Release|Any CPU
		{C7CC2105-F277-457F-857F-D05F8F0E3C44}.Debug|Any CPU.ActiveCfg = Debug|Any CPU
		{C7CC2105-F277-457F-857F-D05F8F0E3C44}.Debug|Any CPU.Build.0 = Debug|Any CPU
		{C7CC2105-F277-457F-857F-D05F8F0E3C44}.Debug|Any CPU.Deploy.0 = Debug|Any CPU
		{C7CC2105-F277-457F-857F-D05F8F0E3C44}.Release|Any CPU.ActiveCfg = Release|Any CPU
		{C7CC2105-F277-457F-857F-D05F8F0E3C44}.Release|Any CPU.Build.0 = Release|Any CPU
		{C7CC2105-F277-457F-857F-D05F8F0E3C44}.Release|Any CPU.Deploy.0 = Release|Any CPU
	EndGlobalSection
	GlobalSection(SolutionProperties) = preSolution
		HideSolutionNode = FALSE
	EndGlobalSection
	GlobalSection(ExtensibilityGlobals) = postSolution
		SolutionGuid = {7F740FA3-F472-45C6-9CB2-731A03110D5F}
	EndGlobalSection
EndGlobal
