
Microsoft Visual Studio Solution File, Format Version 12.00
# Visual Studio Version 16
VisualStudioVersion = 16.0.30413.136
MinimumVisualStudioVersion = 10.0.40219.1
Project("{FAE04EC0-301F-11D3-BF4B-00C04F79EFBC}") = "PageGenerator", "PageGenerator\PageGenerator.csproj", "{FED49FE5-056F-4731-B8F9-AA9F84D1F405}"
EndProject
Project("{FAE04EC0-301F-11D3-BF4B-00C04F79EFBC}") = "PageMenu", "PageMenu\PageMenu.csproj", "{6CABCBCC-5FB3-4DF6-B4B8-144C0431AC2A}"
EndProject
Global
	GlobalSection(SolutionConfigurationPlatforms) = preSolution
		Debug|Any CPU = Debug|Any CPU
		Release|Any CPU = Release|Any CPU
	EndGlobalSection
	GlobalSection(ProjectConfigurationPlatforms) = postSolution
		{FED49FE5-056F-4731-B8F9-AA9F84D1F405}.Debug|Any CPU.ActiveCfg = Debug|Any CPU
		{FED49FE5-056F-4731-B8F9-AA9F84D1F405}.Debug|Any CPU.Build.0 = Debug|Any CPU
		{FED49FE5-056F-4731-B8F9-AA9F84D1F405}.Release|Any CPU.ActiveCfg = Release|Any CPU
		{FED49FE5-056F-4731-B8F9-AA9F84D1F405}.Release|Any CPU.Build.0 = Release|Any CPU
		{6CABCBCC-5FB3-4DF6-B4B8-144C0431AC2A}.Debug|Any CPU.ActiveCfg = Debug|Any CPU
		{6CABCBCC-5FB3-4DF6-B4B8-144C0431AC2A}.Debug|Any CPU.Build.0 = Debug|Any CPU
		{6CABCBCC-5FB3-4DF6-B4B8-144C0431AC2A}.Release|Any CPU.ActiveCfg = Release|Any CPU
		{6CABCBCC-5FB3-4DF6-B4B8-144C0431AC2A}.Release|Any CPU.Build.0 = Release|Any CPU
	EndGlobalSection
	GlobalSection(SolutionProperties) = preSolution
		HideSolutionNode = FALSE
	EndGlobalSection
	GlobalSection(ExtensibilityGlobals) = postSolution
		SolutionGuid = {A159690A-9D11-4389-A939-C494B507020D}
	EndGlobalSection
EndGlobal
